
Microsoft Visual Studio Solution File, Format Version 12.00
# Visual Studio Version 17
VisualStudioVersion = 17.5.33530.505
MinimumVisualStudioVersion = 10.0.40219.1
Project("{9A19103F-16F7-4668-BE54-9A1E7A4F7556}") = "NPredicateBuilder", "source\NPredicateBuilder\NPredicateBuilder.csproj", "{8B235A67-9510-48F2-B701-DD69848F3CC2}"
EndProject
Project("{9A19103F-16F7-4668-BE54-9A1E7A4F7556}") = "NPredicateBuilder.EF", "source\NPredicateBuilder.EF\NPredicateBuilder.EF.csproj", "{C92BA46E-A177-4F59-BA7E-443A5F346555}"
EndProject
Project("{9A19103F-16F7-4668-BE54-9A1E7A4F7556}") = "NPredicateBuilder.Samples", "samples\NPredicateBuilder.Samples\NPredicateBuilder.Samples.csproj", "{436DD99E-38C4-4A2E-9019-87C2CCBB669D}"
EndProject
Project("{9A19103F-16F7-4668-BE54-9A1E7A4F7556}") = "NPredicateBuilder.Tests", "tests\NPredicateBuilder.Tests\NPredicateBuilder.Tests.csproj", "{99B786CE-F872-47F7-9ACC-246F3BD895A0}"
EndProject
Global
	GlobalSection(SolutionConfigurationPlatforms) = preSolution
		Debug|Any CPU = Debug|Any CPU
		Release|Any CPU = Release|Any CPU
	EndGlobalSection
	GlobalSection(ProjectConfigurationPlatforms) = postSolution
		{8B235A67-9510-48F2-B701-DD69848F3CC2}.Debug|Any CPU.ActiveCfg = Debug|Any CPU
		{8B235A67-9510-48F2-B701-DD69848F3CC2}.Debug|Any CPU.Build.0 = Debug|Any CPU
		{8B235A67-9510-48F2-B701-DD69848F3CC2}.Release|Any CPU.ActiveCfg = Release|Any CPU
		{8B235A67-9510-48F2-B701-DD69848F3CC2}.Release|Any CPU.Build.0 = Release|Any CPU
		{C92BA46E-A177-4F59-BA7E-443A5F346555}.Debug|Any CPU.ActiveCfg = Debug|Any CPU
		{C92BA46E-A177-4F59-BA7E-443A5F346555}.Debug|Any CPU.Build.0 = Debug|Any CPU
		{C92BA46E-A177-4F59-BA7E-443A5F346555}.Release|Any CPU.ActiveCfg = Release|Any CPU
		{C92BA46E-A177-4F59-BA7E-443A5F346555}.Release|Any CPU.Build.0 = Release|Any CPU
		{436DD99E-38C4-4A2E-9019-87C2CCBB669D}.Debug|Any CPU.ActiveCfg = Debug|Any CPU
		{436DD99E-38C4-4A2E-9019-87C2CCBB669D}.Debug|Any CPU.Build.0 = Debug|Any CPU
		{436DD99E-38C4-4A2E-9019-87C2CCBB669D}.Release|Any CPU.ActiveCfg = Release|Any CPU
		{436DD99E-38C4-4A2E-9019-87C2CCBB669D}.Release|Any CPU.Build.0 = Release|Any CPU
		{99B786CE-F872-47F7-9ACC-246F3BD895A0}.Debug|Any CPU.ActiveCfg = Debug|Any CPU
		{99B786CE-F872-47F7-9ACC-246F3BD895A0}.Debug|Any CPU.Build.0 = Debug|Any CPU
		{99B786CE-F872-47F7-9ACC-246F3BD895A0}.Release|Any CPU.ActiveCfg = Release|Any CPU
		{99B786CE-F872-47F7-9ACC-246F3BD895A0}.Release|Any CPU.Build.0 = Release|Any CPU
	EndGlobalSection
	GlobalSection(SolutionProperties) = preSolution
		HideSolutionNode = FALSE
	EndGlobalSection
	GlobalSection(ExtensibilityGlobals) = postSolution
		SolutionGuid = {4C4BB80E-15A6-489C-BDDD-0C6DCC8A87E8}
	EndGlobalSection
EndGlobal
