
Microsoft Visual Studio Solution File, Format Version 12.00
# Visual Studio 15
VisualStudioVersion = 15.0.28307.489
MinimumVisualStudioVersion = 10.0.40219.1
Project("{FAE04EC0-301F-11D3-BF4B-00C04F79EFBC}") = "NPredicateBuilder.Base", "NPredicateBuilder.Base\NPredicateBuilder.Base.csproj", "{28083619-A0A2-4187-9EBE-2427A34AFC79}"
EndProject
Global
	GlobalSection(SolutionConfigurationPlatforms) = preSolution
		Debug|Any CPU = Debug|Any CPU
		Release|Any CPU = Release|Any CPU
	EndGlobalSection
	GlobalSection(ProjectConfigurationPlatforms) = postSolution
		{28083619-A0A2-4187-9EBE-2427A34AFC79}.Debug|Any CPU.ActiveCfg = Debug|Any CPU
		{28083619-A0A2-4187-9EBE-2427A34AFC79}.Debug|Any CPU.Build.0 = Debug|Any CPU
		{28083619-A0A2-4187-9EBE-2427A34AFC79}.Release|Any CPU.ActiveCfg = Release|Any CPU
		{28083619-A0A2-4187-9EBE-2427A34AFC79}.Release|Any CPU.Build.0 = Release|Any CPU
	EndGlobalSection
	GlobalSection(SolutionProperties) = preSolution
		HideSolutionNode = FALSE
	EndGlobalSection
	GlobalSection(ExtensibilityGlobals) = postSolution
		SolutionGuid = {F855018B-03A7-45A5-9533-411EAC556778}
	EndGlobalSection
EndGlobal
