
Microsoft Visual Studio Solution File, Format Version 12.00
# Visual Studio Version 16
VisualStudioVersion = 16.0.28729.10
MinimumVisualStudioVersion = 10.0.40219.1
Project("{9A19103F-16F7-4668-BE54-9A1E7A4F7556}") = "NPredicateBuilder", "NPredicateBuilder\NPredicateBuilder.csproj", "{ED85803E-38A7-4CD5-B759-0CDFAC4D1A79}"
EndProject
Project("{9A19103F-16F7-4668-BE54-9A1E7A4F7556}") = "NPredicateBuilder.EFCore", "NPredicateBuilder.EFCore\NPredicateBuilder.EFCore.csproj", "{6557CA6A-8046-4E27-B64C-BE00E043B27C}"
EndProject
Project("{FAE04EC0-301F-11D3-BF4B-00C04F79EFBC}") = "NPredicateBuilder.EF", "NPredicateBuilder.EF\NPredicateBuilder.EF.csproj", "{1EDD13D1-202E-4BCF-8AE8-E1E10D7D0519}"
EndProject
Project("{FAE04EC0-301F-11D3-BF4B-00C04F79EFBC}") = "Tests.EF", "Tests.EF\Tests.EF.csproj", "{6790EC26-C966-4C62-85F3-34585039B480}"
EndProject
Project("{FAE04EC0-301F-11D3-BF4B-00C04F79EFBC}") = "Tests.EFCore", "Tests.EFCore\Tests.EFCore.csproj", "{BE65E7BD-FDD4-4946-B9FB-10134B46CF62}"
EndProject
Global
	GlobalSection(SolutionConfigurationPlatforms) = preSolution
		Debug|Any CPU = Debug|Any CPU
		Release|Any CPU = Release|Any CPU
	EndGlobalSection
	GlobalSection(ProjectConfigurationPlatforms) = postSolution
		{ED85803E-38A7-4CD5-B759-0CDFAC4D1A79}.Debug|Any CPU.ActiveCfg = Debug|Any CPU
		{ED85803E-38A7-4CD5-B759-0CDFAC4D1A79}.Debug|Any CPU.Build.0 = Debug|Any CPU
		{ED85803E-38A7-4CD5-B759-0CDFAC4D1A79}.Release|Any CPU.ActiveCfg = Release|Any CPU
		{ED85803E-38A7-4CD5-B759-0CDFAC4D1A79}.Release|Any CPU.Build.0 = Release|Any CPU
		{6557CA6A-8046-4E27-B64C-BE00E043B27C}.Debug|Any CPU.ActiveCfg = Debug|Any CPU
		{6557CA6A-8046-4E27-B64C-BE00E043B27C}.Debug|Any CPU.Build.0 = Debug|Any CPU
		{6557CA6A-8046-4E27-B64C-BE00E043B27C}.Release|Any CPU.ActiveCfg = Release|Any CPU
		{6557CA6A-8046-4E27-B64C-BE00E043B27C}.Release|Any CPU.Build.0 = Release|Any CPU
		{1EDD13D1-202E-4BCF-8AE8-E1E10D7D0519}.Debug|Any CPU.ActiveCfg = Debug|Any CPU
		{1EDD13D1-202E-4BCF-8AE8-E1E10D7D0519}.Debug|Any CPU.Build.0 = Debug|Any CPU
		{1EDD13D1-202E-4BCF-8AE8-E1E10D7D0519}.Release|Any CPU.ActiveCfg = Release|Any CPU
		{1EDD13D1-202E-4BCF-8AE8-E1E10D7D0519}.Release|Any CPU.Build.0 = Release|Any CPU
		{6790EC26-C966-4C62-85F3-34585039B480}.Debug|Any CPU.ActiveCfg = Debug|Any CPU
		{6790EC26-C966-4C62-85F3-34585039B480}.Debug|Any CPU.Build.0 = Debug|Any CPU
		{6790EC26-C966-4C62-85F3-34585039B480}.Release|Any CPU.ActiveCfg = Release|Any CPU
		{6790EC26-C966-4C62-85F3-34585039B480}.Release|Any CPU.Build.0 = Release|Any CPU
		{BE65E7BD-FDD4-4946-B9FB-10134B46CF62}.Debug|Any CPU.ActiveCfg = Debug|Any CPU
		{BE65E7BD-FDD4-4946-B9FB-10134B46CF62}.Debug|Any CPU.Build.0 = Debug|Any CPU
		{BE65E7BD-FDD4-4946-B9FB-10134B46CF62}.Release|Any CPU.ActiveCfg = Release|Any CPU
		{BE65E7BD-FDD4-4946-B9FB-10134B46CF62}.Release|Any CPU.Build.0 = Release|Any CPU
	EndGlobalSection
	GlobalSection(SolutionProperties) = preSolution
		HideSolutionNode = FALSE
	EndGlobalSection
	GlobalSection(ExtensibilityGlobals) = postSolution
		SolutionGuid = {4C4BB80E-15A6-489C-BDDD-0C6DCC8A87E8}
	EndGlobalSection
EndGlobal
